// !$*UTF8*$!
{
	archiveVersion = 1;
	classes = {
	};
	objectVersion = 77;
	objects = {

/* Begin PBXBuildFile section */
		03E9B80CB00683674C1291BA /* MarkdownHighlighter.swift in Sources */ = {isa = PBXBuildFile; fileRef = 8CF4E23F41C3037E137BD063 /* MarkdownHighlighter.swift */; };
		055BD519E6237FDED89F44B3 /* MarkReaderApp.swift in Sources */ = {isa = PBXBuildFile; fileRef = 6835E15148DCB3B0AE04EAB4 /* MarkReaderApp.swift */; };
		09A256E1A1A4FB76291054F8 /* FolderScanner.swift in Sources */ = {isa = PBXBuildFile; fileRef = F7CC371CDE70F507DCBA3150 /* FolderScanner.swift */; };
		0A59815184F049A25E9BA8AA /* MarkdownOutline.swift in Sources */ = {isa = PBXBuildFile; fileRef = 47C1AAEBCB97450DDD3E8AF9 /* MarkdownOutline.swift */; };
		0B75851716883F2854868780 /* CodeBlockHighlighter.swift in Sources */ = {isa = PBXBuildFile; fileRef = 92ACE17498EA92219B57DC0D /* CodeBlockHighlighter.swift */; };
		0C0E95774F2D98BA0533E3B1 /* mermaid.min.js in Resources */ = {isa = PBXBuildFile; fileRef = A5597F90E45255BA6DEF132E /* mermaid.min.js */; };
		0F6322A5E55ACF14077F2B31 /* TranslationPane.swift in Sources */ = {isa = PBXBuildFile; fileRef = E45335F110315EAA8494DAE5 /* TranslationPane.swift */; };
		2341D3E7DF5878F93B6F19D7 /* PDFViewer.swift in Sources */ = {isa = PBXBuildFile; fileRef = 184D6B4577C1C1CA425022A2 /* PDFViewer.swift */; };
		23EAF6CB77FFEDD3537DD13A /* Assets.xcassets in Resources */ = {isa = PBXBuildFile; fileRef = 0DA572244E12F88672A02BCB /* Assets.xcassets */; };
		2F1341D39AE6C616526C6C76 /* MarkdownSourceEditor.swift in Sources */ = {isa = PBXBuildFile; fileRef = 1BA84E5E8885D73D794B188E /* MarkdownSourceEditor.swift */; };
		37B9C8192975510E6CD6805E /* MarkdownHTMLRenderer.swift in Sources */ = {isa = PBXBuildFile; fileRef = A244C2851661400A1E1F14DD /* MarkdownHTMLRenderer.swift */; };
		38FAEF3C43D75856E19E4C93 /* PreviewWebView.swift in Sources */ = {isa = PBXBuildFile; fileRef = E63198CDFD074A7A33C7832D /* PreviewWebView.swift */; };
		39E13CBD5C36B20AB5E6AA20 /* hljs-github-dark.min.css in Resources */ = {isa = PBXBuildFile; fileRef = CA9FF74D636D9F7C1860CB07 /* hljs-github-dark.min.css */; };
		3B860F43EA38D7C447884E5D /* TranslationPane.swift in Sources */ = {isa = PBXBuildFile; fileRef = E45335F110315EAA8494DAE5 /* TranslationPane.swift */; };
		40B4EE38B3D6D7E77F3BCB85 /* cmark-gfm-extensions in Frameworks */ = {isa = PBXBuildFile; productRef = 80B41960A0ABAB75259EC9E4 /* cmark-gfm-extensions */; };
		49833A47FD3A9535E44023C8 /* ReaderView.swift in Sources */ = {isa = PBXBuildFile; fileRef = 387597E07084C4FFF538EE94 /* ReaderView.swift */; };
		4FD27B2C6E7E9A197A90D26C /* MarkdownHighlighter.swift in Sources */ = {isa = PBXBuildFile; fileRef = 8CF4E23F41C3037E137BD063 /* MarkdownHighlighter.swift */; };
		5399F69F6871085A3071546A /* mathjax-tex-svg.js in Resources */ = {isa = PBXBuildFile; fileRef = D65EFBCC1E67DF872DEAB16C /* mathjax-tex-svg.js */; };
		5A9FAA2E27D8B40D62F67AE4 /* ReaderView.swift in Sources */ = {isa = PBXBuildFile; fileRef = 387597E07084C4FFF538EE94 /* ReaderView.swift */; };
		5CFACBA32ACD6B209A2389BD /* hljs-github.min.css in Resources */ = {isa = PBXBuildFile; fileRef = 05489F33655418A580A99659 /* hljs-github.min.css */; };
		65F725EB26DA4621A67943A8 /* hljs-github-dark.min.css in Resources */ = {isa = PBXBuildFile; fileRef = CA9FF74D636D9F7C1860CB07 /* hljs-github-dark.min.css */; };
		69129F10427CB83162E0E4C1 /* cmark-gfm-extensions in Frameworks */ = {isa = PBXBuildFile; productRef = A5456583CA84BA06B91BB6BB /* cmark-gfm-extensions */; };
		70971ABB3FB7F74AC64474E0 /* RecentFilesStore.swift in Sources */ = {isa = PBXBuildFile; fileRef = 7EA827818F043E6B2E930A85 /* RecentFilesStore.swift */; };
		737B6A81A9FC0E8F449B8E71 /* PreviewWebView.swift in Sources */ = {isa = PBXBuildFile; fileRef = E63198CDFD074A7A33C7832D /* PreviewWebView.swift */; };
		7D7E53747A3465955966FC37 /* cmark-gfm in Frameworks */ = {isa = PBXBuildFile; productRef = 862A1F8C7D7A63DD7C888628 /* cmark-gfm */; };
		7F09D37A3F3347425FB9C927 /* MarkReaderApp.swift in Sources */ = {isa = PBXBuildFile; fileRef = 6835E15148DCB3B0AE04EAB4 /* MarkReaderApp.swift */; };
		828019BAAF5E3996B81E8159 /* CodeBlockHighlighter.swift in Sources */ = {isa = PBXBuildFile; fileRef = 92ACE17498EA92219B57DC0D /* CodeBlockHighlighter.swift */; };
		869D8833EB01E202CDFAD256 /* HomeView.swift in Sources */ = {isa = PBXBuildFile; fileRef = 63434CA69039CF07DBBA19C4 /* HomeView.swift */; };
		96F72354A1B659A1D1227DC0 /* MarkdownHTMLRenderer.swift in Sources */ = {isa = PBXBuildFile; fileRef = A244C2851661400A1E1F14DD /* MarkdownHTMLRenderer.swift */; };
		9F0390971BFD1E04D4E159E2 /* MarkdownSourceEditor.swift in Sources */ = {isa = PBXBuildFile; fileRef = 1BA84E5E8885D73D794B188E /* MarkdownSourceEditor.swift */; };
		A0EE6EE1E7B9E773C37507C7 /* HomeView.swift in Sources */ = {isa = PBXBuildFile; fileRef = 63434CA69039CF07DBBA19C4 /* HomeView.swift */; };
		A4E4BE282F4C0E96217B5F86 /* FolderScanner.swift in Sources */ = {isa = PBXBuildFile; fileRef = F7CC371CDE70F507DCBA3150 /* FolderScanner.swift */; };
		AE7A02B833FE156F0FB6AD3B /* highlight.min.js in Resources */ = {isa = PBXBuildFile; fileRef = 80007869E243E3C25846B53A /* highlight.min.js */; };
		B1BA9F34321DCF6E5BBF8277 /* hljs-github.min.css in Resources */ = {isa = PBXBuildFile; fileRef = 05489F33655418A580A99659 /* hljs-github.min.css */; };
		B491AEF48CA5817437844CA5 /* FileTreeStore.swift in Sources */ = {isa = PBXBuildFile; fileRef = 78552F75125B93DBC0B99DC3 /* FileTreeStore.swift */; };
		BEAD329ACB68D987B4C3F47A /* MarkdownUI in Frameworks */ = {isa = PBXBuildFile; productRef = 41DEB2EBE4BABF67001A4A9A /* MarkdownUI */; };
		D454964D29D4F0AAC41A4F22 /* mermaid.min.js in Resources */ = {isa = PBXBuildFile; fileRef = A5597F90E45255BA6DEF132E /* mermaid.min.js */; };
		D45F5567B7E376BE191DCBB2 /* MarkdownUI in Frameworks */ = {isa = PBXBuildFile; productRef = 65C3BA80B9B0E5931D817292 /* MarkdownUI */; };
		D46AF7DB0D775F4E8814046E /* MarkdownOutline.swift in Sources */ = {isa = PBXBuildFile; fileRef = 47C1AAEBCB97450DDD3E8AF9 /* MarkdownOutline.swift */; };
		DB74C8E748F62BFA57B6378F /* mathjax-tex-svg.js in Resources */ = {isa = PBXBuildFile; fileRef = D65EFBCC1E67DF872DEAB16C /* mathjax-tex-svg.js */; };
		DBC6620ED80729A8D7B387D4 /* FileTreeStore.swift in Sources */ = {isa = PBXBuildFile; fileRef = 78552F75125B93DBC0B99DC3 /* FileTreeStore.swift */; };
		DD11F3B6D95EE78D6E3C0ED1 /* RecentFilesStore.swift in Sources */ = {isa = PBXBuildFile; fileRef = 7EA827818F043E6B2E930A85 /* RecentFilesStore.swift */; };
		DDE76279757793ABC3862FA3 /* CommandPalette.swift in Sources */ = {isa = PBXBuildFile; fileRef = F0227438F24144E9CC680691 /* CommandPalette.swift */; };
		DEF10AD6242B6A391B324114 /* Assets.xcassets in Resources */ = {isa = PBXBuildFile; fileRef = 0DA572244E12F88672A02BCB /* Assets.xcassets */; };
		EFD9B24308F4B7AD64EB12A1 /* PDFViewer.swift in Sources */ = {isa = PBXBuildFile; fileRef = 184D6B4577C1C1CA425022A2 /* PDFViewer.swift */; };
		FAF8D207DC3D99E957252262 /* highlight.min.js in Resources */ = {isa = PBXBuildFile; fileRef = 80007869E243E3C25846B53A /* highlight.min.js */; };
		FB6D4D79FD2A97720F5A9E8D /* CommandPalette.swift in Sources */ = {isa = PBXBuildFile; fileRef = F0227438F24144E9CC680691 /* CommandPalette.swift */; };
		FC65DB8772AF3D201C9813BF /* cmark-gfm in Frameworks */ = {isa = PBXBuildFile; productRef = 50820F1908A6ABF2A207DC7F /* cmark-gfm */; };
/* End PBXBuildFile section */

/* Begin PBXFileReference section */
		05489F33655418A580A99659 /* hljs-github.min.css */ = {isa = PBXFileReference; lastKnownFileType = text.css; path = "hljs-github.min.css"; sourceTree = "<group>"; };
		0DA572244E12F88672A02BCB /* Assets.xcassets */ = {isa = PBXFileReference; lastKnownFileType = folder.assetcatalog; path = Assets.xcassets; sourceTree = "<group>"; };
		184D6B4577C1C1CA425022A2 /* PDFViewer.swift */ = {isa = PBXFileReference; lastKnownFileType = sourcecode.swift; path = PDFViewer.swift; sourceTree = "<group>"; };
		1BA84E5E8885D73D794B188E /* MarkdownSourceEditor.swift */ = {isa = PBXFileReference; lastKnownFileType = sourcecode.swift; path = MarkdownSourceEditor.swift; sourceTree = "<group>"; };
		387597E07084C4FFF538EE94 /* ReaderView.swift */ = {isa = PBXFileReference; lastKnownFileType = sourcecode.swift; path = ReaderView.swift; sourceTree = "<group>"; };
		47C1AAEBCB97450DDD3E8AF9 /* MarkdownOutline.swift */ = {isa = PBXFileReference; lastKnownFileType = sourcecode.swift; path = MarkdownOutline.swift; sourceTree = "<group>"; };
		522926E649A2B3610C3803BE /* MarkReader.app */ = {isa = PBXFileReference; includeInIndex = 0; lastKnownFileType = wrapper.application; path = MarkReader.app; sourceTree = BUILT_PRODUCTS_DIR; };
		533393123F21603F74CFB0DC /* MarkReaderMac.app */ = {isa = PBXFileReference; explicitFileType = wrapper.application; includeInIndex = 0; path = MarkReaderMac.app; sourceTree = BUILT_PRODUCTS_DIR; };
		63434CA69039CF07DBBA19C4 /* HomeView.swift */ = {isa = PBXFileReference; lastKnownFileType = sourcecode.swift; path = HomeView.swift; sourceTree = "<group>"; };
		6835E15148DCB3B0AE04EAB4 /* MarkReaderApp.swift */ = {isa = PBXFileReference; lastKnownFileType = sourcecode.swift; path = MarkReaderApp.swift; sourceTree = "<group>"; };
		78552F75125B93DBC0B99DC3 /* FileTreeStore.swift */ = {isa = PBXFileReference; lastKnownFileType = sourcecode.swift; path = FileTreeStore.swift; sourceTree = "<group>"; };
		7EA827818F043E6B2E930A85 /* RecentFilesStore.swift */ = {isa = PBXFileReference; lastKnownFileType = sourcecode.swift; path = RecentFilesStore.swift; sourceTree = "<group>"; };
		80007869E243E3C25846B53A /* highlight.min.js */ = {isa = PBXFileReference; lastKnownFileType = sourcecode.javascript; path = highlight.min.js; sourceTree = "<group>"; };
		8CF4E23F41C3037E137BD063 /* MarkdownHighlighter.swift */ = {isa = PBXFileReference; lastKnownFileType = sourcecode.swift; path = MarkdownHighlighter.swift; sourceTree = "<group>"; };
		92ACE17498EA92219B57DC0D /* CodeBlockHighlighter.swift */ = {isa = PBXFileReference; lastKnownFileType = sourcecode.swift; path = CodeBlockHighlighter.swift; sourceTree = "<group>"; };
		A244C2851661400A1E1F14DD /* MarkdownHTMLRenderer.swift */ = {isa = PBXFileReference; lastKnownFileType = sourcecode.swift; path = MarkdownHTMLRenderer.swift; sourceTree = "<group>"; };
		A5597F90E45255BA6DEF132E /* mermaid.min.js */ = {isa = PBXFileReference; lastKnownFileType = sourcecode.javascript; path = mermaid.min.js; sourceTree = "<group>"; };
		CA9FF74D636D9F7C1860CB07 /* hljs-github-dark.min.css */ = {isa = PBXFileReference; lastKnownFileType = text.css; path = "hljs-github-dark.min.css"; sourceTree = "<group>"; };
		D65EFBCC1E67DF872DEAB16C /* mathjax-tex-svg.js */ = {isa = PBXFileReference; lastKnownFileType = sourcecode.javascript; path = "mathjax-tex-svg.js"; sourceTree = "<group>"; };
		E45335F110315EAA8494DAE5 /* TranslationPane.swift */ = {isa = PBXFileReference; lastKnownFileType = sourcecode.swift; path = TranslationPane.swift; sourceTree = "<group>"; };
		E63198CDFD074A7A33C7832D /* PreviewWebView.swift */ = {isa = PBXFileReference; lastKnownFileType = sourcecode.swift; path = PreviewWebView.swift; sourceTree = "<group>"; };
		F0227438F24144E9CC680691 /* CommandPalette.swift */ = {isa = PBXFileReference; lastKnownFileType = sourcecode.swift; path = CommandPalette.swift; sourceTree = "<group>"; };
		F7CC371CDE70F507DCBA3150 /* FolderScanner.swift */ = {isa = PBXFileReference; lastKnownFileType = sourcecode.swift; path = FolderScanner.swift; sourceTree = "<group>"; };
/* End PBXFileReference section */

/* Begin PBXFrameworksBuildPhase section */
		3026DF34DD8E9D3DEAF62CD7 /* Frameworks */ = {
			isa = PBXFrameworksBuildPhase;
			buildActionMask = 2147483647;
			files = (
				D45F5567B7E376BE191DCBB2 /* MarkdownUI in Frameworks */,
				FC65DB8772AF3D201C9813BF /* cmark-gfm in Frameworks */,
				40B4EE38B3D6D7E77F3BCB85 /* cmark-gfm-extensions in Frameworks */,
			);
			runOnlyForDeploymentPostprocessing = 0;
		};
		6DB880A47AE46D20B8AF8095 /* Frameworks */ = {
			isa = PBXFrameworksBuildPhase;
			buildActionMask = 2147483647;
			files = (
				BEAD329ACB68D987B4C3F47A /* MarkdownUI in Frameworks */,
				7D7E53747A3465955966FC37 /* cmark-gfm in Frameworks */,
				69129F10427CB83162E0E4C1 /* cmark-gfm-extensions in Frameworks */,
			);
			runOnlyForDeploymentPostprocessing = 0;
		};
/* End PBXFrameworksBuildPhase section */

/* Begin PBXGroup section */
		27B84C8F89A494FE42C61AE0 /* Resources */ = {
			isa = PBXGroup;
			children = (
				80007869E243E3C25846B53A /* highlight.min.js */,
				CA9FF74D636D9F7C1860CB07 /* hljs-github-dark.min.css */,
				05489F33655418A580A99659 /* hljs-github.min.css */,
				D65EFBCC1E67DF872DEAB16C /* mathjax-tex-svg.js */,
				A5597F90E45255BA6DEF132E /* mermaid.min.js */,
			);
			path = Resources;
			sourceTree = "<group>";
		};
		503C4EB893D4A1998E5F6C35 /* MarkReader */ = {
			isa = PBXGroup;
			children = (
				0DA572244E12F88672A02BCB /* Assets.xcassets */,
				27B84C8F89A494FE42C61AE0 /* Resources */,
				A7E8F472F277E51E93E989DF /* Sources */,
			);
			path = MarkReader;
			sourceTree = "<group>";
		};
		6416CBEACD4A4CF209AC8644 /* Products */ = {
			isa = PBXGroup;
			children = (
				522926E649A2B3610C3803BE /* MarkReader.app */,
				533393123F21603F74CFB0DC /* MarkReaderMac.app */,
			);
			name = Products;
			sourceTree = "<group>";
		};
		A7E8F472F277E51E93E989DF /* Sources */ = {
			isa = PBXGroup;
			children = (
				92ACE17498EA92219B57DC0D /* CodeBlockHighlighter.swift */,
				F0227438F24144E9CC680691 /* CommandPalette.swift */,
				78552F75125B93DBC0B99DC3 /* FileTreeStore.swift */,
				F7CC371CDE70F507DCBA3150 /* FolderScanner.swift */,
				63434CA69039CF07DBBA19C4 /* HomeView.swift */,
				8CF4E23F41C3037E137BD063 /* MarkdownHighlighter.swift */,
				A244C2851661400A1E1F14DD /* MarkdownHTMLRenderer.swift */,
				47C1AAEBCB97450DDD3E8AF9 /* MarkdownOutline.swift */,
				1BA84E5E8885D73D794B188E /* MarkdownSourceEditor.swift */,
				6835E15148DCB3B0AE04EAB4 /* MarkReaderApp.swift */,
				184D6B4577C1C1CA425022A2 /* PDFViewer.swift */,
				E63198CDFD074A7A33C7832D /* PreviewWebView.swift */,
				387597E07084C4FFF538EE94 /* ReaderView.swift */,
				7EA827818F043E6B2E930A85 /* RecentFilesStore.swift */,
				E45335F110315EAA8494DAE5 /* TranslationPane.swift */,
			);
			path = Sources;
			sourceTree = "<group>";
		};
		F1875B1CA108FAFEA7F217B9 = {
			isa = PBXGroup;
			children = (
				503C4EB893D4A1998E5F6C35 /* MarkReader */,
				6416CBEACD4A4CF209AC8644 /* Products */,
			);
			sourceTree = "<group>";
		};
/* End PBXGroup section */

/* Begin PBXNativeTarget section */
		36B65EC2458EC4DCE1F07A1A /* MarkReader */ = {
			isa = PBXNativeTarget;
			buildConfigurationList = F9FF9877CB9C2F55B3C58E35 /* Build configuration list for PBXNativeTarget "MarkReader" */;
			buildPhases = (
				49D11CA67CB2F6BBDBA6A776 /* Sources */,
				039D74EC15C1464D60990B46 /* Resources */,
				6DB880A47AE46D20B8AF8095 /* Frameworks */,
			);
			buildRules = (
			);
			dependencies = (
			);
			name = MarkReader;
			packageProductDependencies = (
				41DEB2EBE4BABF67001A4A9A /* MarkdownUI */,
				862A1F8C7D7A63DD7C888628 /* cmark-gfm */,
				A5456583CA84BA06B91BB6BB /* cmark-gfm-extensions */,
			);
			productName = MarkReader;
			productReference = 522926E649A2B3610C3803BE /* MarkReader.app */;
			productType = "com.apple.product-type.application";
		};
		8A7F9108944E813D013F029E /* MarkReaderMac */ = {
			isa = PBXNativeTarget;
			buildConfigurationList = A8D532F539BC036301E57715 /* Build configuration list for PBXNativeTarget "MarkReaderMac" */;
			buildPhases = (
				A649EA8AD5578EF0C60DEE03 /* Sources */,
				71005712733D6ED21033E20C /* Resources */,
				3026DF34DD8E9D3DEAF62CD7 /* Frameworks */,
			);
			buildRules = (
			);
			dependencies = (
			);
			name = MarkReaderMac;
			packageProductDependencies = (
				65C3BA80B9B0E5931D817292 /* MarkdownUI */,
				50820F1908A6ABF2A207DC7F /* cmark-gfm */,
				80B41960A0ABAB75259EC9E4 /* cmark-gfm-extensions */,
			);
			productName = MarkReaderMac;
			productReference = 533393123F21603F74CFB0DC /* MarkReaderMac.app */;
			productType = "com.apple.product-type.application";
		};
/* End PBXNativeTarget section */

/* Begin PBXProject section */
		ADF2F8BFEBD87F4D36B26CC7 /* Project object */ = {
			isa = PBXProject;
			attributes = {
				BuildIndependentTargetsInParallel = YES;
				LastUpgradeCheck = 1430;
				TargetAttributes = {
					36B65EC2458EC4DCE1F07A1A = {
						ProvisioningStyle = Automatic;
					};
					8A7F9108944E813D013F029E = {
						ProvisioningStyle = Automatic;
					};
				};
			};
			buildConfigurationList = EF692212E95F890F43A80B1A /* Build configuration list for PBXProject "MarkReader" */;
			developmentRegion = en;
			hasScannedForEncodings = 0;
			knownRegions = (
				Base,
				en,
			);
			mainGroup = F1875B1CA108FAFEA7F217B9;
			minimizedProjectReferenceProxies = 1;
			packageReferences = (
				67E11BFBE74CFB790CAE8359 /* XCRemoteSwiftPackageReference "swift-markdown-ui" */,
				676937FCA38D610D50C39B22 /* XCRemoteSwiftPackageReference "swift-cmark" */,
			);
			preferredProjectObjectVersion = 77;
			productRefGroup = 6416CBEACD4A4CF209AC8644 /* Products */;
			projectDirPath = "";
			projectRoot = "";
			targets = (
				36B65EC2458EC4DCE1F07A1A /* MarkReader */,
				8A7F9108944E813D013F029E /* MarkReaderMac */,
			);
		};
/* End PBXProject section */

/* Begin PBXResourcesBuildPhase section */
		039D74EC15C1464D60990B46 /* Resources */ = {
			isa = PBXResourcesBuildPhase;
			buildActionMask = 2147483647;
			files = (
				23EAF6CB77FFEDD3537DD13A /* Assets.xcassets in Resources */,
				FAF8D207DC3D99E957252262 /* highlight.min.js in Resources */,
				65F725EB26DA4621A67943A8 /* hljs-github-dark.min.css in Resources */,
				5CFACBA32ACD6B209A2389BD /* hljs-github.min.css in Resources */,
				DB74C8E748F62BFA57B6378F /* mathjax-tex-svg.js in Resources */,
				0C0E95774F2D98BA0533E3B1 /* mermaid.min.js in Resources */,
			);
			runOnlyForDeploymentPostprocessing = 0;
		};
		71005712733D6ED21033E20C /* Resources */ = {
			isa = PBXResourcesBuildPhase;
			buildActionMask = 2147483647;
			files = (
				DEF10AD6242B6A391B324114 /* Assets.xcassets in Resources */,
				AE7A02B833FE156F0FB6AD3B /* highlight.min.js in Resources */,
				39E13CBD5C36B20AB5E6AA20 /* hljs-github-dark.min.css in Resources */,
				B1BA9F34321DCF6E5BBF8277 /* hljs-github.min.css in Resources */,
				5399F69F6871085A3071546A /* mathjax-tex-svg.js in Resources */,
				D454964D29D4F0AAC41A4F22 /* mermaid.min.js in Resources */,
			);
			runOnlyForDeploymentPostprocessing = 0;
		};
/* End PBXResourcesBuildPhase section */

/* Begin PBXSourcesBuildPhase section */
		49D11CA67CB2F6BBDBA6A776 /* Sources */ = {
			isa = PBXSourcesBuildPhase;
			buildActionMask = 2147483647;
			files = (
				0B75851716883F2854868780 /* CodeBlockHighlighter.swift in Sources */,
				FB6D4D79FD2A97720F5A9E8D /* CommandPalette.swift in Sources */,
				DBC6620ED80729A8D7B387D4 /* FileTreeStore.swift in Sources */,
				09A256E1A1A4FB76291054F8 /* FolderScanner.swift in Sources */,
				869D8833EB01E202CDFAD256 /* HomeView.swift in Sources */,
				055BD519E6237FDED89F44B3 /* MarkReaderApp.swift in Sources */,
				96F72354A1B659A1D1227DC0 /* MarkdownHTMLRenderer.swift in Sources */,
				03E9B80CB00683674C1291BA /* MarkdownHighlighter.swift in Sources */,
				D46AF7DB0D775F4E8814046E /* MarkdownOutline.swift in Sources */,
				9F0390971BFD1E04D4E159E2 /* MarkdownSourceEditor.swift in Sources */,
				2341D3E7DF5878F93B6F19D7 /* PDFViewer.swift in Sources */,
				38FAEF3C43D75856E19E4C93 /* PreviewWebView.swift in Sources */,
				49833A47FD3A9535E44023C8 /* ReaderView.swift in Sources */,
				DD11F3B6D95EE78D6E3C0ED1 /* RecentFilesStore.swift in Sources */,
				0F6322A5E55ACF14077F2B31 /* TranslationPane.swift in Sources */,
			);
			runOnlyForDeploymentPostprocessing = 0;
		};
		A649EA8AD5578EF0C60DEE03 /* Sources */ = {
			isa = PBXSourcesBuildPhase;
			buildActionMask = 2147483647;
			files = (
				828019BAAF5E3996B81E8159 /* CodeBlockHighlighter.swift in Sources */,
				DDE76279757793ABC3862FA3 /* CommandPalette.swift in Sources */,
				B491AEF48CA5817437844CA5 /* FileTreeStore.swift in Sources */,
				A4E4BE282F4C0E96217B5F86 /* FolderScanner.swift in Sources */,
				A0EE6EE1E7B9E773C37507C7 /* HomeView.swift in Sources */,
				7F09D37A3F3347425FB9C927 /* MarkReaderApp.swift in Sources */,
				37B9C8192975510E6CD6805E /* MarkdownHTMLRenderer.swift in Sources */,
				4FD27B2C6E7E9A197A90D26C /* MarkdownHighlighter.swift in Sources */,
				0A59815184F049A25E9BA8AA /* MarkdownOutline.swift in Sources */,
				2F1341D39AE6C616526C6C76 /* MarkdownSourceEditor.swift in Sources */,
				EFD9B24308F4B7AD64EB12A1 /* PDFViewer.swift in Sources */,
				737B6A81A9FC0E8F449B8E71 /* PreviewWebView.swift in Sources */,
				5A9FAA2E27D8B40D62F67AE4 /* ReaderView.swift in Sources */,
				70971ABB3FB7F74AC64474E0 /* RecentFilesStore.swift in Sources */,
				3B860F43EA38D7C447884E5D /* TranslationPane.swift in Sources */,
			);
			runOnlyForDeploymentPostprocessing = 0;
		};
/* End PBXSourcesBuildPhase section */

/* Begin XCBuildConfiguration section */
		08BE4F26DF70E3520275A0C7 /* Debug */ = {
			isa = XCBuildConfiguration;
			buildSettings = {
				ASSETCATALOG_COMPILER_APPICON_NAME = AppIcon;
				CODE_SIGN_IDENTITY = "iPhone Developer";
				CODE_SIGN_STYLE = Automatic;
				CURRENT_PROJECT_VERSION = 1;
				GENERATE_INFOPLIST_FILE = NO;
				INFOPLIST_FILE = MarkReader/Info.plist;
				LD_RUNPATH_SEARCH_PATHS = (
					"$(inherited)",
					"@executable_path/Frameworks",
				);
				MARKETING_VERSION = 1.0;
				PRODUCT_BUNDLE_IDENTIFIER = com.yutonglv.inkdown;
				PRODUCT_NAME = Inkdown;
				SDKROOT = iphoneos;
				SWIFT_VERSION = 5.9;
				TARGETED_DEVICE_FAMILY = "1,2";
			};
			name = Debug;
		};
		25B7CEA6B9856EF0B1DCC797 /* Release */ = {
			isa = XCBuildConfiguration;
			buildSettings = {
				ALWAYS_SEARCH_USER_PATHS = NO;
				CLANG_ANALYZER_NONNULL = YES;
				CLANG_ANALYZER_NUMBER_OBJECT_CONVERSION = YES_AGGRESSIVE;
				CLANG_CXX_LANGUAGE_STANDARD = "gnu++14";
				CLANG_CXX_LIBRARY = "libc++";
				CLANG_ENABLE_MODULES = YES;
				CLANG_ENABLE_OBJC_ARC = YES;
				CLANG_ENABLE_OBJC_WEAK = YES;
				CLANG_WARN_BLOCK_CAPTURE_AUTORELEASING = YES;
				CLANG_WARN_BOOL_CONVERSION = YES;
				CLANG_WARN_COMMA = YES;
				CLANG_WARN_CONSTANT_CONVERSION = YES;
				CLANG_WARN_DEPRECATED_OBJC_IMPLEMENTATIONS = YES;
				CLANG_WARN_DIRECT_OBJC_ISA_USAGE = YES_ERROR;
				CLANG_WARN_DOCUMENTATION_COMMENTS = YES;
				CLANG_WARN_EMPTY_BODY = YES;
				CLANG_WARN_ENUM_CONVERSION = YES;
				CLANG_WARN_INFINITE_RECURSION = YES;
				CLANG_WARN_INT_CONVERSION = YES;
				CLANG_WARN_NON_LITERAL_NULL_CONVERSION = YES;
				CLANG_WARN_OBJC_IMPLICIT_RETAIN_SELF = YES;
				CLANG_WARN_OBJC_LITERAL_CONVERSION = YES;
				CLANG_WARN_OBJC_ROOT_CLASS = YES_ERROR;
				CLANG_WARN_QUOTED_INCLUDE_IN_FRAMEWORK_HEADER = YES;
				CLANG_WARN_RANGE_LOOP_ANALYSIS = YES;
				CLANG_WARN_STRICT_PROTOTYPES = YES;
				CLANG_WARN_SUSPICIOUS_MOVE = YES;
				CLANG_WARN_UNGUARDED_AVAILABILITY = YES_AGGRESSIVE;
				CLANG_WARN_UNREACHABLE_CODE = YES;
				CLANG_WARN__DUPLICATE_METHOD_MATCH = YES;
				COPY_PHASE_STRIP = NO;
				DEBUG_INFORMATION_FORMAT = "dwarf-with-dsym";
				ENABLE_NS_ASSERTIONS = NO;
				ENABLE_STRICT_OBJC_MSGSEND = YES;
				GCC_C_LANGUAGE_STANDARD = gnu11;
				GCC_NO_COMMON_BLOCKS = YES;
				GCC_WARN_64_TO_32_BIT_CONVERSION = YES;
				GCC_WARN_ABOUT_RETURN_TYPE = YES_ERROR;
				GCC_WARN_UNDECLARED_SELECTOR = YES;
				GCC_WARN_UNINITIALIZED_AUTOS = YES_AGGRESSIVE;
				GCC_WARN_UNUSED_FUNCTION = YES;
				GCC_WARN_UNUSED_VARIABLE = YES;
				IPHONEOS_DEPLOYMENT_TARGET = 17.0;
				MACOSX_DEPLOYMENT_TARGET = 14.0;
				MTL_ENABLE_DEBUG_INFO = NO;
				MTL_FAST_MATH = YES;
				PRODUCT_NAME = "$(TARGET_NAME)";
				SWIFT_COMPILATION_MODE = wholemodule;
				SWIFT_OPTIMIZATION_LEVEL = "-O";
				SWIFT_VERSION = 5.0;
			};
			name = Release;
		};
		5A8F70B963CD833A88021CBE /* Release */ = {
			isa = XCBuildConfiguration;
			buildSettings = {
				ASSETCATALOG_COMPILER_APPICON_NAME = AppIcon;
				CODE_SIGN_IDENTITY = "-";
				CODE_SIGN_STYLE = Automatic;
				COMBINE_HIDPI_IMAGES = YES;
				CURRENT_PROJECT_VERSION = 1;
				ENABLE_HARDENED_RUNTIME = YES;
				GENERATE_INFOPLIST_FILE = NO;
				INFOPLIST_FILE = "MarkReader/Info-macOS.plist";
				LD_RUNPATH_SEARCH_PATHS = (
					"$(inherited)",
					"@executable_path/../Frameworks",
				);
				MARKETING_VERSION = 1.0;
				PRODUCT_BUNDLE_IDENTIFIER = com.yutonglv.inkdown;
				PRODUCT_NAME = Inkdown;
				SDKROOT = macosx;
				SWIFT_VERSION = 5.9;
			};
			name = Release;
		};
		9C933DCB35762D544EA42E17 /* Release */ = {
			isa = XCBuildConfiguration;
			buildSettings = {
				ASSETCATALOG_COMPILER_APPICON_NAME = AppIcon;
				CODE_SIGN_IDENTITY = "iPhone Developer";
				CODE_SIGN_STYLE = Automatic;
				CURRENT_PROJECT_VERSION = 1;
				GENERATE_INFOPLIST_FILE = NO;
				INFOPLIST_FILE = MarkReader/Info.plist;
				LD_RUNPATH_SEARCH_PATHS = (
					"$(inherited)",
					"@executable_path/Frameworks",
				);
				MARKETING_VERSION = 1.0;
				PRODUCT_BUNDLE_IDENTIFIER = com.yutonglv.inkdown;
				PRODUCT_NAME = Inkdown;
				SDKROOT = iphoneos;
				SWIFT_VERSION = 5.9;
				TARGETED_DEVICE_FAMILY = "1,2";
			};
			name = Release;
		};
		9FB14F0607AEB53E73D9F29B /* Debug */ = {
			isa = XCBuildConfiguration;
			buildSettings = {
				ALWAYS_SEARCH_USER_PATHS = NO;
				CLANG_ANALYZER_NONNULL = YES;
				CLANG_ANALYZER_NUMBER_OBJECT_CONVERSION = YES_AGGRESSIVE;
				CLANG_CXX_LANGUAGE_STANDARD = "gnu++14";
				CLANG_CXX_LIBRARY = "libc++";
				CLANG_ENABLE_MODULES = YES;
				CLANG_ENABLE_OBJC_ARC = YES;
				CLANG_ENABLE_OBJC_WEAK = YES;
				CLANG_WARN_BLOCK_CAPTURE_AUTORELEASING = YES;
				CLANG_WARN_BOOL_CONVERSION = YES;
				CLANG_WARN_COMMA = YES;
				CLANG_WARN_CONSTANT_CONVERSION = YES;
				CLANG_WARN_DEPRECATED_OBJC_IMPLEMENTATIONS = YES;
				CLANG_WARN_DIRECT_OBJC_ISA_USAGE = YES_ERROR;
				CLANG_WARN_DOCUMENTATION_COMMENTS = YES;
				CLANG_WARN_EMPTY_BODY = YES;
				CLANG_WARN_ENUM_CONVERSION = YES;
				CLANG_WARN_INFINITE_RECURSION = YES;
				CLANG_WARN_INT_CONVERSION = YES;
				CLANG_WARN_NON_LITERAL_NULL_CONVERSION = YES;
				CLANG_WARN_OBJC_IMPLICIT_RETAIN_SELF = YES;
				CLANG_WARN_OBJC_LITERAL_CONVERSION = YES;
				CLANG_WARN_OBJC_ROOT_CLASS = YES_ERROR;
				CLANG_WARN_QUOTED_INCLUDE_IN_FRAMEWORK_HEADER = YES;
				CLANG_WARN_RANGE_LOOP_ANALYSIS = YES;
				CLANG_WARN_STRICT_PROTOTYPES = YES;
				CLANG_WARN_SUSPICIOUS_MOVE = YES;
				CLANG_WARN_UNGUARDED_AVAILABILITY = YES_AGGRESSIVE;
				CLANG_WARN_UNREACHABLE_CODE = YES;
				CLANG_WARN__DUPLICATE_METHOD_MATCH = YES;
				COPY_PHASE_STRIP = NO;
				DEBUG_INFORMATION_FORMAT = dwarf;
				ENABLE_STRICT_OBJC_MSGSEND = YES;
				ENABLE_TESTABILITY = YES;
				GCC_C_LANGUAGE_STANDARD = gnu11;
				GCC_DYNAMIC_NO_PIC = NO;
				GCC_NO_COMMON_BLOCKS = YES;
				GCC_OPTIMIZATION_LEVEL = 0;
				GCC_PREPROCESSOR_DEFINITIONS = (
					"$(inherited)",
					"DEBUG=1",
				);
				GCC_WARN_64_TO_32_BIT_CONVERSION = YES;
				GCC_WARN_ABOUT_RETURN_TYPE = YES_ERROR;
				GCC_WARN_UNDECLARED_SELECTOR = YES;
				GCC_WARN_UNINITIALIZED_AUTOS = YES_AGGRESSIVE;
				GCC_WARN_UNUSED_FUNCTION = YES;
				GCC_WARN_UNUSED_VARIABLE = YES;
				IPHONEOS_DEPLOYMENT_TARGET = 17.0;
				MACOSX_DEPLOYMENT_TARGET = 14.0;
				MTL_ENABLE_DEBUG_INFO = INCLUDE_SOURCE;
				MTL_FAST_MATH = YES;
				ONLY_ACTIVE_ARCH = YES;
				PRODUCT_NAME = "$(TARGET_NAME)";
				SWIFT_ACTIVE_COMPILATION_CONDITIONS = DEBUG;
				SWIFT_OPTIMIZATION_LEVEL = "-Onone";
				SWIFT_VERSION = 5.0;
			};
			name = Debug;
		};
		A6A0B991B341F6D8B7C50D7A /* Debug */ = {
			isa = XCBuildConfiguration;
			buildSettings = {
				ASSETCATALOG_COMPILER_APPICON_NAME = AppIcon;
				CODE_SIGN_IDENTITY = "-";
				CODE_SIGN_STYLE = Automatic;
				COMBINE_HIDPI_IMAGES = YES;
				CURRENT_PROJECT_VERSION = 1;
				ENABLE_HARDENED_RUNTIME = YES;
				GENERATE_INFOPLIST_FILE = NO;
				INFOPLIST_FILE = "MarkReader/Info-macOS.plist";
				LD_RUNPATH_SEARCH_PATHS = (
					"$(inherited)",
					"@executable_path/../Frameworks",
				);
				MARKETING_VERSION = 1.0;
				PRODUCT_BUNDLE_IDENTIFIER = com.yutonglv.inkdown;
				PRODUCT_NAME = Inkdown;
				SDKROOT = macosx;
				SWIFT_VERSION = 5.9;
			};
			name = Debug;
		};
/* End XCBuildConfiguration section */

/* Begin XCConfigurationList section */
		A8D532F539BC036301E57715 /* Build configuration list for PBXNativeTarget "MarkReaderMac" */ = {
			isa = XCConfigurationList;
			buildConfigurations = (
				A6A0B991B341F6D8B7C50D7A /* Debug */,
				5A8F70B963CD833A88021CBE /* Release */,
			);
			defaultConfigurationIsVisible = 0;
			defaultConfigurationName = Debug;
		};
		EF692212E95F890F43A80B1A /* Build configuration list for PBXProject "MarkReader" */ = {
			isa = XCConfigurationList;
			buildConfigurations = (
				9FB14F0607AEB53E73D9F29B /* Debug */,
				25B7CEA6B9856EF0B1DCC797 /* Release */,
			);
			defaultConfigurationIsVisible = 0;
			defaultConfigurationName = Debug;
		};
		F9FF9877CB9C2F55B3C58E35 /* Build configuration list for PBXNativeTarget "MarkReader" */ = {
			isa = XCConfigurationList;
			buildConfigurations = (
				08BE4F26DF70E3520275A0C7 /* Debug */,
				9C933DCB35762D544EA42E17 /* Release */,
			);
			defaultConfigurationIsVisible = 0;
			defaultConfigurationName = Debug;
		};
/* End XCConfigurationList section */

/* Begin XCRemoteSwiftPackageReference section */
		676937FCA38D610D50C39B22 /* XCRemoteSwiftPackageReference "swift-cmark" */ = {
			isa = XCRemoteSwiftPackageReference;
			repositoryURL = "https://github.com/swiftlang/swift-cmark";
			requirement = {
				kind = upToNextMajorVersion;
				minimumVersion = 0.5.0;
			};
		};
		67E11BFBE74CFB790CAE8359 /* XCRemoteSwiftPackageReference "swift-markdown-ui" */ = {
			isa = XCRemoteSwiftPackageReference;
			repositoryURL = "https://github.com/gonzalezreal/swift-markdown-ui";
			requirement = {
				kind = upToNextMajorVersion;
				minimumVersion = 2.4.1;
			};
		};
/* End XCRemoteSwiftPackageReference section */

/* Begin XCSwiftPackageProductDependency section */
		41DEB2EBE4BABF67001A4A9A /* MarkdownUI */ = {
			isa = XCSwiftPackageProductDependency;
			package = 67E11BFBE74CFB790CAE8359 /* XCRemoteSwiftPackageReference "swift-markdown-ui" */;
			productName = MarkdownUI;
		};
		50820F1908A6ABF2A207DC7F /* cmark-gfm */ = {
			isa = XCSwiftPackageProductDependency;
			package = 676937FCA38D610D50C39B22 /* XCRemoteSwiftPackageReference "swift-cmark" */;
			productName = "cmark-gfm";
		};
		65C3BA80B9B0E5931D817292 /* MarkdownUI */ = {
			isa = XCSwiftPackageProductDependency;
			package = 67E11BFBE74CFB790CAE8359 /* XCRemoteSwiftPackageReference "swift-markdown-ui" */;
			productName = MarkdownUI;
		};
		80B41960A0ABAB75259EC9E4 /* cmark-gfm-extensions */ = {
			isa = XCSwiftPackageProductDependency;
			package = 676937FCA38D610D50C39B22 /* XCRemoteSwiftPackageReference "swift-cmark" */;
			productName = "cmark-gfm-extensions";
		};
		862A1F8C7D7A63DD7C888628 /* cmark-gfm */ = {
			isa = XCSwiftPackageProductDependency;
			package = 676937FCA38D610D50C39B22 /* XCRemoteSwiftPackageReference "swift-cmark" */;
			productName = "cmark-gfm";
		};
		A5456583CA84BA06B91BB6BB /* cmark-gfm-extensions */ = {
			isa = XCSwiftPackageProductDependency;
			package = 676937FCA38D610D50C39B22 /* XCRemoteSwiftPackageReference "swift-cmark" */;
			productName = "cmark-gfm-extensions";
		};
/* End XCSwiftPackageProductDependency section */
	};
	rootObject = ADF2F8BFEBD87F4D36B26CC7 /* Project object */;
}
